
Microsoft Visual Studio Solution File, Format Version 12.00
# Visual Studio Version 17
VisualStudioVersion = 17.5.33414.496
MinimumVisualStudioVersion = 10.0.40219.1
Project("{8BC9CEB8-8B4A-11D0-8D11-00A0C91BC942}") = "try_catch_clr", "try_catch_clr\try_catch_clr.vcxproj", "{7DA40AD5-AC26-4E19-9EDF-8B0C2712C253}"
EndProject
Global
	GlobalSection(SolutionConfigurationPlatforms) = preSolution
		Debug|x64 = Debug|x64
		Debug|x86 = Debug|x86
		Release|x64 = Release|x64
		Release|x86 = Release|x86
	EndGlobalSection
	GlobalSection(ProjectConfigurationPlatforms) = postSolution
		{7DA40AD5-AC26-4E19-9EDF-8B0C2712C253}.Debug|x64.ActiveCfg = Debug|x64
		{7DA40AD5-AC26-4E19-9EDF-8B0C2712C253}.Debug|x64.Build.0 = Debug|x64
		{7DA40AD5-AC26-4E19-9EDF-8B0C2712C253}.Debug|x86.ActiveCfg = Debug|Win32
		{7DA40AD5-AC26-4E19-9EDF-8B0C2712C253}.Debug|x86.Build.0 = Debug|Win32
		{7DA40AD5-AC26-4E19-9EDF-8B0C2712C253}.Release|x64.ActiveCfg = Release|x64
		{7DA40AD5-AC26-4E19-9EDF-8B0C2712C253}.Release|x64.Build.0 = Release|x64
		{7DA40AD5-AC26-4E19-9EDF-8B0C2712C253}.Release|x86.ActiveCfg = Release|Win32
		{7DA40AD5-AC26-4E19-9EDF-8B0C2712C253}.Release|x86.Build.0 = Release|Win32
	EndGlobalSection
	GlobalSection(SolutionProperties) = preSolution
		HideSolutionNode = FALSE
	EndGlobalSection
	GlobalSection(ExtensibilityGlobals) = postSolution
		SolutionGuid = {9FC4E3DC-E60D-4610-A5B8-F7ED807BC327}
	EndGlobalSection
EndGlobal
